# THIS IS AN AUTOGENERATED FILE. DO NOT EDIT THIS FILE DIRECTLY.
# yarn lockfile v1


"my-rn-common-resource@git+https://gitlab.com/react-native-my-libs/my-rn-common-resource.git":
  version "1.0.1"
  resolved "git+https://gitlab.com/react-native-my-libs/my-rn-common-resource.git#83e8635bfd4e3502a384e516c46f11ad29604c67"
